// !$*UTF8*$!
{
	archiveVersion = 1;
	classes = {
	};
	objectVersion = 60;
	objects = {

/* Begin PBXBuildFile section */
		B2B496922CA260AB009228E4 /* Integration in Frameworks */ = {isa = PBXBuildFile; productRef = B2B496912CA260AB009228E4 /* Integration */; };
		B2B496952CA2AE32009228E4 /* PosterStyle.swift in Sources */ = {isa = PBXBuildFile; fileRef = B2B496942CA2AE32009228E4 /* PosterStyle.swift */; };
		B2B496972CA39DF2009228E4 /* MovieDetailView.swift in Sources */ = {isa = PBXBuildFile; fileRef = B2B496962CA39DF2009228E4 /* MovieDetailView.swift */; };
		B2B496992CA3A1EB009228E4 /* Movie+Ex.swift in Sources */ = {isa = PBXBuildFile; fileRef = B2B496982CA3A1EB009228E4 /* Movie+Ex.swift */; };
		B2B4969B2CA3B61B009228E4 /* MovieDetailViewModel.swift in Sources */ = {isa = PBXBuildFile; fileRef = B2B4969A2CA3B61B009228E4 /* MovieDetailViewModel.swift */; };
		B2B4969D2CA3E481009228E4 /* MovieReviewsView.swift in Sources */ = {isa = PBXBuildFile; fileRef = B2B4969C2CA3E481009228E4 /* MovieReviewsView.swift */; };
		B2B4969F2CA3F594009228E4 /* MoviesListCardView.swift in Sources */ = {isa = PBXBuildFile; fileRef = B2B4969E2CA3F593009228E4 /* MoviesListCardView.swift */; };
		B2B496A12CA3F95B009228E4 /* SeeAllHeaderView.swift in Sources */ = {isa = PBXBuildFile; fileRef = B2B496A02CA3F95B009228E4 /* SeeAllHeaderView.swift */; };
		B2B496A32CA3FA62009228E4 /* MoviesListView.swift in Sources */ = {isa = PBXBuildFile; fileRef = B2B496A22CA3FA62009228E4 /* MoviesListView.swift */; };
		B2B496A52CA3FB38009228E4 /* MoviePosterView.swift in Sources */ = {isa = PBXBuildFile; fileRef = B2B496A42CA3FB38009228E4 /* MoviePosterView.swift */; };
		B2B496A72CA3FE35009228E4 /* NavigationPath.swift in Sources */ = {isa = PBXBuildFile; fileRef = B2B496A62CA3FE35009228E4 /* NavigationPath.swift */; };
		B2B496A92CA3FF8E009228E4 /* PeoplesListCardView.swift in Sources */ = {isa = PBXBuildFile; fileRef = B2B496A82CA3FF8E009228E4 /* PeoplesListCardView.swift */; };
		B2B496AB2CA40083009228E4 /* PeopleListView.swift in Sources */ = {isa = PBXBuildFile; fileRef = B2B496AA2CA40083009228E4 /* PeopleListView.swift */; };
		B2B496AD2CA401DC009228E4 /* PeopleDetailView.swift in Sources */ = {isa = PBXBuildFile; fileRef = B2B496AC2CA401DC009228E4 /* PeopleDetailView.swift */; };
		B2B496AF2CA40308009228E4 /* KeywordsCardView.swift in Sources */ = {isa = PBXBuildFile; fileRef = B2B496AE2CA40308009228E4 /* KeywordsCardView.swift */; };
		B2B496B12CA40389009228E4 /* MovieDetailBasicInfoHeaderView.swift in Sources */ = {isa = PBXBuildFile; fileRef = B2B496B02CA40389009228E4 /* MovieDetailBasicInfoHeaderView.swift */; };
		B2B496B32CA403F1009228E4 /* MovieDetailReviewsView.swift in Sources */ = {isa = PBXBuildFile; fileRef = B2B496B22CA403F1009228E4 /* MovieDetailReviewsView.swift */; };
		B2B496B52CA4047F009228E4 /* MovieDetailOverviewView.swift in Sources */ = {isa = PBXBuildFile; fileRef = B2B496B42CA4047F009228E4 /* MovieDetailOverviewView.swift */; };
		B2C3B5932CA16C5A00D9C552 /* Review.swift in Sources */ = {isa = PBXBuildFile; fileRef = B2C3B5872CA16C5900D9C552 /* Review.swift */; };
		B2C3B5942CA16C5A00D9C552 /* Video.swift in Sources */ = {isa = PBXBuildFile; fileRef = B2C3B5882CA16C5900D9C552 /* Video.swift */; };
		B2C3B5952CA16C5A00D9C552 /* CustomList.swift in Sources */ = {isa = PBXBuildFile; fileRef = B2C3B5892CA16C5A00D9C552 /* CustomList.swift */; };
		B2C3B5962CA16C5A00D9C552 /* Image.swift in Sources */ = {isa = PBXBuildFile; fileRef = B2C3B58A2CA16C5A00D9C552 /* Image.swift */; };
		B2C3B5972CA16C5A00D9C552 /* Genre.swift in Sources */ = {isa = PBXBuildFile; fileRef = B2C3B58B2CA16C5A00D9C552 /* Genre.swift */; };
		B2C3B5982CA16C5A00D9C552 /* PaginatedResponse.swift in Sources */ = {isa = PBXBuildFile; fileRef = B2C3B58C2CA16C5A00D9C552 /* PaginatedResponse.swift */; };
		B2C3B5992CA16C5A00D9C552 /* Movie.swift in Sources */ = {isa = PBXBuildFile; fileRef = B2C3B58D2CA16C5A00D9C552 /* Movie.swift */; };
		B2C3B59A2CA16C5A00D9C552 /* Keyword.swift in Sources */ = {isa = PBXBuildFile; fileRef = B2C3B58E2CA16C5A00D9C552 /* Keyword.swift */; };
		B2C3B59B2CA16C5A00D9C552 /* DiscoverFilter.swift in Sources */ = {isa = PBXBuildFile; fileRef = B2C3B58F2CA16C5A00D9C552 /* DiscoverFilter.swift */; };
		B2C3B59C2CA16C5A00D9C552 /* People.swift in Sources */ = {isa = PBXBuildFile; fileRef = B2C3B5902CA16C5A00D9C552 /* People.swift */; };
		B2C3B59D2CA16C5A00D9C552 /* CastResponse.swift in Sources */ = {isa = PBXBuildFile; fileRef = B2C3B5912CA16C5A00D9C552 /* CastResponse.swift */; };
		B2C3B59E2CA16C5A00D9C552 /* MovieUserMeta.swift in Sources */ = {isa = PBXBuildFile; fileRef = B2C3B5922CA16C5A00D9C552 /* MovieUserMeta.swift */; };
		B2C3B5A12CA16CF800D9C552 /* MoviesMenu.swift in Sources */ = {isa = PBXBuildFile; fileRef = B2C3B5A02CA16CF800D9C552 /* MoviesMenu.swift */; };
		B2C3B5A42CA16FF500D9C552 /* MoviesHomeViewModel.swift in Sources */ = {isa = PBXBuildFile; fileRef = B2C3B5A32CA16FF500D9C552 /* MoviesHomeViewModel.swift */; };
		B2E571062CA1639C00185CB2 /* SwiftMovieAppApp.swift in Sources */ = {isa = PBXBuildFile; fileRef = B2E571052CA1639C00185CB2 /* SwiftMovieAppApp.swift */; };
		B2E571082CA1639C00185CB2 /* MoviesHomeView.swift in Sources */ = {isa = PBXBuildFile; fileRef = B2E571072CA1639C00185CB2 /* MoviesHomeView.swift */; };
		B2E5710A2CA1639E00185CB2 /* Assets.xcassets in Resources */ = {isa = PBXBuildFile; fileRef = B2E571092CA1639E00185CB2 /* Assets.xcassets */; };
		B2E5710D2CA1639E00185CB2 /* Preview Assets.xcassets in Resources */ = {isa = PBXBuildFile; fileRef = B2E5710C2CA1639E00185CB2 /* Preview Assets.xcassets */; };
		B2E571172CA1639E00185CB2 /* SwiftMovieAppTests.swift in Sources */ = {isa = PBXBuildFile; fileRef = B2E571162CA1639E00185CB2 /* SwiftMovieAppTests.swift */; };
		B2E571212CA1639E00185CB2 /* SwiftMovieAppUITests.swift in Sources */ = {isa = PBXBuildFile; fileRef = B2E571202CA1639E00185CB2 /* SwiftMovieAppUITests.swift */; };
		B2E571232CA1639E00185CB2 /* SwiftMovieAppUITestsLaunchTests.swift in Sources */ = {isa = PBXBuildFile; fileRef = B2E571222CA1639E00185CB2 /* SwiftMovieAppUITestsLaunchTests.swift */; };
/* End PBXBuildFile section */

/* Begin PBXContainerItemProxy section */
		B2E571132CA1639E00185CB2 /* PBXContainerItemProxy */ = {
			isa = PBXContainerItemProxy;
			containerPortal = B2E570FA2CA1639C00185CB2 /* Project object */;
			proxyType = 1;
			remoteGlobalIDString = B2E571012CA1639C00185CB2;
			remoteInfo = SwiftMovieApp;
		};
		B2E5711D2CA1639E00185CB2 /* PBXContainerItemProxy */ = {
			isa = PBXContainerItemProxy;
			containerPortal = B2E570FA2CA1639C00185CB2 /* Project object */;
			proxyType = 1;
			remoteGlobalIDString = B2E571012CA1639C00185CB2;
			remoteInfo = SwiftMovieApp;
		};
/* End PBXContainerItemProxy section */

/* Begin PBXFileReference section */
		B2B496942CA2AE32009228E4 /* PosterStyle.swift */ = {isa = PBXFileReference; lastKnownFileType = sourcecode.swift; path = PosterStyle.swift; sourceTree = "<group>"; };
		B2B496962CA39DF2009228E4 /* MovieDetailView.swift */ = {isa = PBXFileReference; lastKnownFileType = sourcecode.swift; path = MovieDetailView.swift; sourceTree = "<group>"; };
		B2B496982CA3A1EB009228E4 /* Movie+Ex.swift */ = {isa = PBXFileReference; lastKnownFileType = sourcecode.swift; path = "Movie+Ex.swift"; sourceTree = "<group>"; };
		B2B4969A2CA3B61B009228E4 /* MovieDetailViewModel.swift */ = {isa = PBXFileReference; lastKnownFileType = sourcecode.swift; path = MovieDetailViewModel.swift; sourceTree = "<group>"; };
		B2B4969C2CA3E481009228E4 /* MovieReviewsView.swift */ = {isa = PBXFileReference; lastKnownFileType = sourcecode.swift; path = MovieReviewsView.swift; sourceTree = "<group>"; };
		B2B4969E2CA3F593009228E4 /* MoviesListCardView.swift */ = {isa = PBXFileReference; lastKnownFileType = sourcecode.swift; path = MoviesListCardView.swift; sourceTree = "<group>"; };
		B2B496A02CA3F95B009228E4 /* SeeAllHeaderView.swift */ = {isa = PBXFileReference; lastKnownFileType = sourcecode.swift; path = SeeAllHeaderView.swift; sourceTree = "<group>"; };
		B2B496A22CA3FA62009228E4 /* MoviesListView.swift */ = {isa = PBXFileReference; lastKnownFileType = sourcecode.swift; path = MoviesListView.swift; sourceTree = "<group>"; };
		B2B496A42CA3FB38009228E4 /* MoviePosterView.swift */ = {isa = PBXFileReference; lastKnownFileType = sourcecode.swift; path = MoviePosterView.swift; sourceTree = "<group>"; };
		B2B496A62CA3FE35009228E4 /* NavigationPath.swift */ = {isa = PBXFileReference; lastKnownFileType = sourcecode.swift; path = NavigationPath.swift; sourceTree = "<group>"; };
		B2B496A82CA3FF8E009228E4 /* PeoplesListCardView.swift */ = {isa = PBXFileReference; lastKnownFileType = sourcecode.swift; path = PeoplesListCardView.swift; sourceTree = "<group>"; };
		B2B496AA2CA40083009228E4 /* PeopleListView.swift */ = {isa = PBXFileReference; lastKnownFileType = sourcecode.swift; path = PeopleListView.swift; sourceTree = "<group>"; };
		B2B496AC2CA401DC009228E4 /* PeopleDetailView.swift */ = {isa = PBXFileReference; lastKnownFileType = sourcecode.swift; path = PeopleDetailView.swift; sourceTree = "<group>"; };
		B2B496AE2CA40308009228E4 /* KeywordsCardView.swift */ = {isa = PBXFileReference; lastKnownFileType = sourcecode.swift; path = KeywordsCardView.swift; sourceTree = "<group>"; };
		B2B496B02CA40389009228E4 /* MovieDetailBasicInfoHeaderView.swift */ = {isa = PBXFileReference; lastKnownFileType = sourcecode.swift; path = MovieDetailBasicInfoHeaderView.swift; sourceTree = "<group>"; };
		B2B496B22CA403F1009228E4 /* MovieDetailReviewsView.swift */ = {isa = PBXFileReference; lastKnownFileType = sourcecode.swift; path = MovieDetailReviewsView.swift; sourceTree = "<group>"; };
		B2B496B42CA4047F009228E4 /* MovieDetailOverviewView.swift */ = {isa = PBXFileReference; lastKnownFileType = sourcecode.swift; path = MovieDetailOverviewView.swift; sourceTree = "<group>"; };
		B2C3B5872CA16C5900D9C552 /* Review.swift */ = {isa = PBXFileReference; fileEncoding = 4; lastKnownFileType = sourcecode.swift; path = Review.swift; sourceTree = "<group>"; };
		B2C3B5882CA16C5900D9C552 /* Video.swift */ = {isa = PBXFileReference; fileEncoding = 4; lastKnownFileType = sourcecode.swift; path = Video.swift; sourceTree = "<group>"; };
		B2C3B5892CA16C5A00D9C552 /* CustomList.swift */ = {isa = PBXFileReference; fileEncoding = 4; lastKnownFileType = sourcecode.swift; path = CustomList.swift; sourceTree = "<group>"; };
		B2C3B58A2CA16C5A00D9C552 /* Image.swift */ = {isa = PBXFileReference; fileEncoding = 4; lastKnownFileType = sourcecode.swift; path = Image.swift; sourceTree = "<group>"; };
		B2C3B58B2CA16C5A00D9C552 /* Genre.swift */ = {isa = PBXFileReference; fileEncoding = 4; lastKnownFileType = sourcecode.swift; path = Genre.swift; sourceTree = "<group>"; };
		B2C3B58C2CA16C5A00D9C552 /* PaginatedResponse.swift */ = {isa = PBXFileReference; fileEncoding = 4; lastKnownFileType = sourcecode.swift; path = PaginatedResponse.swift; sourceTree = "<group>"; };
		B2C3B58D2CA16C5A00D9C552 /* Movie.swift */ = {isa = PBXFileReference; fileEncoding = 4; lastKnownFileType = sourcecode.swift; path = Movie.swift; sourceTree = "<group>"; };
		B2C3B58E2CA16C5A00D9C552 /* Keyword.swift */ = {isa = PBXFileReference; fileEncoding = 4; lastKnownFileType = sourcecode.swift; path = Keyword.swift; sourceTree = "<group>"; };
		B2C3B58F2CA16C5A00D9C552 /* DiscoverFilter.swift */ = {isa = PBXFileReference; fileEncoding = 4; lastKnownFileType = sourcecode.swift; path = DiscoverFilter.swift; sourceTree = "<group>"; };
		B2C3B5902CA16C5A00D9C552 /* People.swift */ = {isa = PBXFileReference; fileEncoding = 4; lastKnownFileType = sourcecode.swift; path = People.swift; sourceTree = "<group>"; };
		B2C3B5912CA16C5A00D9C552 /* CastResponse.swift */ = {isa = PBXFileReference; fileEncoding = 4; lastKnownFileType = sourcecode.swift; path = CastResponse.swift; sourceTree = "<group>"; };
		B2C3B5922CA16C5A00D9C552 /* MovieUserMeta.swift */ = {isa = PBXFileReference; fileEncoding = 4; lastKnownFileType = sourcecode.swift; path = MovieUserMeta.swift; sourceTree = "<group>"; };
		B2C3B5A02CA16CF800D9C552 /* MoviesMenu.swift */ = {isa = PBXFileReference; lastKnownFileType = sourcecode.swift; path = MoviesMenu.swift; sourceTree = "<group>"; };
		B2C3B5A32CA16FF500D9C552 /* MoviesHomeViewModel.swift */ = {isa = PBXFileReference; lastKnownFileType = sourcecode.swift; path = MoviesHomeViewModel.swift; sourceTree = "<group>"; };
		B2E571022CA1639C00185CB2 /* SwiftMovieApp.app */ = {isa = PBXFileReference; explicitFileType = wrapper.application; includeInIndex = 0; path = SwiftMovieApp.app; sourceTree = BUILT_PRODUCTS_DIR; };
		B2E571052CA1639C00185CB2 /* SwiftMovieAppApp.swift */ = {isa = PBXFileReference; lastKnownFileType = sourcecode.swift; path = SwiftMovieAppApp.swift; sourceTree = "<group>"; };
		B2E571072CA1639C00185CB2 /* MoviesHomeView.swift */ = {isa = PBXFileReference; lastKnownFileType = sourcecode.swift; path = MoviesHomeView.swift; sourceTree = "<group>"; };
		B2E571092CA1639E00185CB2 /* Assets.xcassets */ = {isa = PBXFileReference; lastKnownFileType = folder.assetcatalog; path = Assets.xcassets; sourceTree = "<group>"; };
		B2E5710C2CA1639E00185CB2 /* Preview Assets.xcassets */ = {isa = PBXFileReference; lastKnownFileType = folder.assetcatalog; path = "Preview Assets.xcassets"; sourceTree = "<group>"; };
		B2E571122CA1639E00185CB2 /* SwiftMovieAppTests.xctest */ = {isa = PBXFileReference; explicitFileType = wrapper.cfbundle; includeInIndex = 0; path = SwiftMovieAppTests.xctest; sourceTree = BUILT_PRODUCTS_DIR; };
		B2E571162CA1639E00185CB2 /* SwiftMovieAppTests.swift */ = {isa = PBXFileReference; lastKnownFileType = sourcecode.swift; path = SwiftMovieAppTests.swift; sourceTree = "<group>"; };
		B2E5711C2CA1639E00185CB2 /* SwiftMovieAppUITests.xctest */ = {isa = PBXFileReference; explicitFileType = wrapper.cfbundle; includeInIndex = 0; path = SwiftMovieAppUITests.xctest; sourceTree = BUILT_PRODUCTS_DIR; };
		B2E571202CA1639E00185CB2 /* SwiftMovieAppUITests.swift */ = {isa = PBXFileReference; lastKnownFileType = sourcecode.swift; path = SwiftMovieAppUITests.swift; sourceTree = "<group>"; };
		B2E571222CA1639E00185CB2 /* SwiftMovieAppUITestsLaunchTests.swift */ = {isa = PBXFileReference; lastKnownFileType = sourcecode.swift; path = SwiftMovieAppUITestsLaunchTests.swift; sourceTree = "<group>"; };
/* End PBXFileReference section */

/* Begin PBXFrameworksBuildPhase section */
		B2E570FF2CA1639C00185CB2 /* Frameworks */ = {
			isa = PBXFrameworksBuildPhase;
			buildActionMask = 2147483647;
			files = (
				B2B496922CA260AB009228E4 /* Integration in Frameworks */,
			);
			runOnlyForDeploymentPostprocessing = 0;
		};
		B2E5710F2CA1639E00185CB2 /* Frameworks */ = {
			isa = PBXFrameworksBuildPhase;
			buildActionMask = 2147483647;
			files = (
			);
			runOnlyForDeploymentPostprocessing = 0;
		};
		B2E571192CA1639E00185CB2 /* Frameworks */ = {
			isa = PBXFrameworksBuildPhase;
			buildActionMask = 2147483647;
			files = (
			);
			runOnlyForDeploymentPostprocessing = 0;
		};
/* End PBXFrameworksBuildPhase section */

/* Begin PBXGroup section */
		B2B496932CA2AE26009228E4 /* Views */ = {
			isa = PBXGroup;
			children = (
				B2B496942CA2AE32009228E4 /* PosterStyle.swift */,
				B2B496A42CA3FB38009228E4 /* MoviePosterView.swift */,
			);
			path = Views;
			sourceTree = "<group>";
		};
		B2C3B5842CA16BE100D9C552 /* Home */ = {
			isa = PBXGroup;
			children = (
				B2C3B5A22CA16FE300D9C552 /* ViewModels */,
				B2C3B5862CA16BF500D9C552 /* Models */,
				B2C3B5852CA16BEE00D9C552 /* Views */,
			);
			path = Home;
			sourceTree = "<group>";
		};
		B2C3B5852CA16BEE00D9C552 /* Views */ = {
			isa = PBXGroup;
			children = (
				B2E571072CA1639C00185CB2 /* MoviesHomeView.swift */,
				B2B496962CA39DF2009228E4 /* MovieDetailView.swift */,
				B2B4969C2CA3E481009228E4 /* MovieReviewsView.swift */,
				B2B4969E2CA3F593009228E4 /* MoviesListCardView.swift */,
				B2B496A02CA3F95B009228E4 /* SeeAllHeaderView.swift */,
				B2B496A22CA3FA62009228E4 /* MoviesListView.swift */,
				B2B496A82CA3FF8E009228E4 /* PeoplesListCardView.swift */,
				B2B496AA2CA40083009228E4 /* PeopleListView.swift */,
				B2B496AC2CA401DC009228E4 /* PeopleDetailView.swift */,
				B2B496AE2CA40308009228E4 /* KeywordsCardView.swift */,
				B2B496B02CA40389009228E4 /* MovieDetailBasicInfoHeaderView.swift */,
				B2B496B22CA403F1009228E4 /* MovieDetailReviewsView.swift */,
				B2B496B42CA4047F009228E4 /* MovieDetailOverviewView.swift */,
			);
			path = Views;
			sourceTree = "<group>";
		};
		B2C3B5862CA16BF500D9C552 /* Models */ = {
			isa = PBXGroup;
			children = (
				B2C3B5912CA16C5A00D9C552 /* CastResponse.swift */,
				B2C3B5892CA16C5A00D9C552 /* CustomList.swift */,
				B2C3B58F2CA16C5A00D9C552 /* DiscoverFilter.swift */,
				B2C3B58B2CA16C5A00D9C552 /* Genre.swift */,
				B2C3B58A2CA16C5A00D9C552 /* Image.swift */,
				B2C3B58E2CA16C5A00D9C552 /* Keyword.swift */,
				B2C3B58D2CA16C5A00D9C552 /* Movie.swift */,
				B2C3B5922CA16C5A00D9C552 /* MovieUserMeta.swift */,
				B2C3B58C2CA16C5A00D9C552 /* PaginatedResponse.swift */,
				B2C3B5902CA16C5A00D9C552 /* People.swift */,
				B2C3B5872CA16C5900D9C552 /* Review.swift */,
				B2C3B5882CA16C5900D9C552 /* Video.swift */,
				B2B496982CA3A1EB009228E4 /* Movie+Ex.swift */,
			);
			path = Models;
			sourceTree = "<group>";
		};
		B2C3B59F2CA16CE600D9C552 /* Common */ = {
			isa = PBXGroup;
			children = (
				B2B496932CA2AE26009228E4 /* Views */,
				B2C3B5A02CA16CF800D9C552 /* MoviesMenu.swift */,
				B2B496A62CA3FE35009228E4 /* NavigationPath.swift */,
			);
			path = Common;
			sourceTree = "<group>";
		};
		B2C3B5A22CA16FE300D9C552 /* ViewModels */ = {
			isa = PBXGroup;
			children = (
				B2C3B5A32CA16FF500D9C552 /* MoviesHomeViewModel.swift */,
				B2B4969A2CA3B61B009228E4 /* MovieDetailViewModel.swift */,
			);
			path = ViewModels;
			sourceTree = "<group>";
		};
		B2E570F92CA1639C00185CB2 = {
			isa = PBXGroup;
			children = (
				B2E571042CA1639C00185CB2 /* SwiftMovieApp */,
				B2E571152CA1639E00185CB2 /* SwiftMovieAppTests */,
				B2E5711F2CA1639E00185CB2 /* SwiftMovieAppUITests */,
				B2E571032CA1639C00185CB2 /* Products */,
			);
			sourceTree = "<group>";
		};
		B2E571032CA1639C00185CB2 /* Products */ = {
			isa = PBXGroup;
			children = (
				B2E571022CA1639C00185CB2 /* SwiftMovieApp.app */,
				B2E571122CA1639E00185CB2 /* SwiftMovieAppTests.xctest */,
				B2E5711C2CA1639E00185CB2 /* SwiftMovieAppUITests.xctest */,
			);
			name = Products;
			sourceTree = "<group>";
		};
		B2E571042CA1639C00185CB2 /* SwiftMovieApp */ = {
			isa = PBXGroup;
			children = (
				B2C3B59F2CA16CE600D9C552 /* Common */,
				B2C3B5842CA16BE100D9C552 /* Home */,
				B2E571052CA1639C00185CB2 /* SwiftMovieAppApp.swift */,
				B2E571092CA1639E00185CB2 /* Assets.xcassets */,
				B2E5710B2CA1639E00185CB2 /* Preview Content */,
			);
			path = SwiftMovieApp;
			sourceTree = "<group>";
		};
		B2E5710B2CA1639E00185CB2 /* Preview Content */ = {
			isa = PBXGroup;
			children = (
				B2E5710C2CA1639E00185CB2 /* Preview Assets.xcassets */,
			);
			path = "Preview Content";
			sourceTree = "<group>";
		};
		B2E571152CA1639E00185CB2 /* SwiftMovieAppTests */ = {
			isa = PBXGroup;
			children = (
				B2E571162CA1639E00185CB2 /* SwiftMovieAppTests.swift */,
			);
			path = SwiftMovieAppTests;
			sourceTree = "<group>";
		};
		B2E5711F2CA1639E00185CB2 /* SwiftMovieAppUITests */ = {
			isa = PBXGroup;
			children = (
				B2E571202CA1639E00185CB2 /* SwiftMovieAppUITests.swift */,
				B2E571222CA1639E00185CB2 /* SwiftMovieAppUITestsLaunchTests.swift */,
			);
			path = SwiftMovieAppUITests;
			sourceTree = "<group>";
		};
/* End PBXGroup section */

/* Begin PBXNativeTarget section */
		B2E571012CA1639C00185CB2 /* SwiftMovieApp */ = {
			isa = PBXNativeTarget;
			buildConfigurationList = B2E571262CA1639E00185CB2 /* Build configuration list for PBXNativeTarget "SwiftMovieApp" */;
			buildPhases = (
				B2E570FE2CA1639C00185CB2 /* Sources */,
				B2E570FF2CA1639C00185CB2 /* Frameworks */,
				B2E571002CA1639C00185CB2 /* Resources */,
			);
			buildRules = (
			);
			dependencies = (
			);
			name = SwiftMovieApp;
			packageProductDependencies = (
				B2B496912CA260AB009228E4 /* Integration */,
			);
			productName = SwiftMovieApp;
			productReference = B2E571022CA1639C00185CB2 /* SwiftMovieApp.app */;
			productType = "com.apple.product-type.application";
		};
		B2E571112CA1639E00185CB2 /* SwiftMovieAppTests */ = {
			isa = PBXNativeTarget;
			buildConfigurationList = B2E571292CA1639E00185CB2 /* Build configuration list for PBXNativeTarget "SwiftMovieAppTests" */;
			buildPhases = (
				B2E5710E2CA1639E00185CB2 /* Sources */,
				B2E5710F2CA1639E00185CB2 /* Frameworks */,
				B2E571102CA1639E00185CB2 /* Resources */,
			);
			buildRules = (
			);
			dependencies = (
				B2E571142CA1639E00185CB2 /* PBXTargetDependency */,
			);
			name = SwiftMovieAppTests;
			productName = SwiftMovieAppTests;
			productReference = B2E571122CA1639E00185CB2 /* SwiftMovieAppTests.xctest */;
			productType = "com.apple.product-type.bundle.unit-test";
		};
		B2E5711B2CA1639E00185CB2 /* SwiftMovieAppUITests */ = {
			isa = PBXNativeTarget;
			buildConfigurationList = B2E5712C2CA1639E00185CB2 /* Build configuration list for PBXNativeTarget "SwiftMovieAppUITests" */;
			buildPhases = (
				B2E571182CA1639E00185CB2 /* Sources */,
				B2E571192CA1639E00185CB2 /* Frameworks */,
				B2E5711A2CA1639E00185CB2 /* Resources */,
			);
			buildRules = (
			);
			dependencies = (
				B2E5711E2CA1639E00185CB2 /* PBXTargetDependency */,
			);
			name = SwiftMovieAppUITests;
			productName = SwiftMovieAppUITests;
			productReference = B2E5711C2CA1639E00185CB2 /* SwiftMovieAppUITests.xctest */;
			productType = "com.apple.product-type.bundle.ui-testing";
		};
/* End PBXNativeTarget section */

/* Begin PBXProject section */
		B2E570FA2CA1639C00185CB2 /* Project object */ = {
			isa = PBXProject;
			attributes = {
				BuildIndependentTargetsInParallel = 1;
				LastSwiftUpdateCheck = 1500;
				LastUpgradeCheck = 1500;
				TargetAttributes = {
					B2E571012CA1639C00185CB2 = {
						CreatedOnToolsVersion = 15.0;
					};
					B2E571112CA1639E00185CB2 = {
						CreatedOnToolsVersion = 15.0;
						TestTargetID = B2E571012CA1639C00185CB2;
					};
					B2E5711B2CA1639E00185CB2 = {
						CreatedOnToolsVersion = 15.0;
						TestTargetID = B2E571012CA1639C00185CB2;
					};
				};
			};
			buildConfigurationList = B2E570FD2CA1639C00185CB2 /* Build configuration list for PBXProject "SwiftMovieApp" */;
			compatibilityVersion = "Xcode 14.0";
			developmentRegion = en;
			hasScannedForEncodings = 0;
			knownRegions = (
				en,
				Base,
			);
			mainGroup = B2E570F92CA1639C00185CB2;
			packageReferences = (
				B2B496902CA260AB009228E4 /* XCLocalSwiftPackageReference "packages/Integration" */,
			);
			productRefGroup = B2E571032CA1639C00185CB2 /* Products */;
			projectDirPath = "";
			projectRoot = "";
			targets = (
				B2E571012CA1639C00185CB2 /* SwiftMovieApp */,
				B2E571112CA1639E00185CB2 /* SwiftMovieAppTests */,
				B2E5711B2CA1639E00185CB2 /* SwiftMovieAppUITests */,
			);
		};
/* End PBXProject section */

/* Begin PBXResourcesBuildPhase section */
		B2E571002CA1639C00185CB2 /* Resources */ = {
			isa = PBXResourcesBuildPhase;
			buildActionMask = 2147483647;
			files = (
				B2E5710D2CA1639E00185CB2 /* Preview Assets.xcassets in Resources */,
				B2E5710A2CA1639E00185CB2 /* Assets.xcassets in Resources */,
			);
			runOnlyForDeploymentPostprocessing = 0;
		};
		B2E571102CA1639E00185CB2 /* Resources */ = {
			isa = PBXResourcesBuildPhase;
			buildActionMask = 2147483647;
			files = (
			);
			runOnlyForDeploymentPostprocessing = 0;
		};
		B2E5711A2CA1639E00185CB2 /* Resources */ = {
			isa = PBXResourcesBuildPhase;
			buildActionMask = 2147483647;
			files = (
			);
			runOnlyForDeploymentPostprocessing = 0;
		};
/* End PBXResourcesBuildPhase section */

/* Begin PBXSourcesBuildPhase section */
		B2E570FE2CA1639C00185CB2 /* Sources */ = {
			isa = PBXSourcesBuildPhase;
			buildActionMask = 2147483647;
			files = (
				B2E571082CA1639C00185CB2 /* MoviesHomeView.swift in Sources */,
				B2B4969F2CA3F594009228E4 /* MoviesListCardView.swift in Sources */,
				B2C3B59D2CA16C5A00D9C552 /* CastResponse.swift in Sources */,
				B2C3B59A2CA16C5A00D9C552 /* Keyword.swift in Sources */,
				B2B496972CA39DF2009228E4 /* MovieDetailView.swift in Sources */,
				B2C3B5962CA16C5A00D9C552 /* Image.swift in Sources */,
				B2C3B5992CA16C5A00D9C552 /* Movie.swift in Sources */,
				B2B496A12CA3F95B009228E4 /* SeeAllHeaderView.swift in Sources */,
				B2C3B59C2CA16C5A00D9C552 /* People.swift in Sources */,
				B2B496A32CA3FA62009228E4 /* MoviesListView.swift in Sources */,
				B2B496B32CA403F1009228E4 /* MovieDetailReviewsView.swift in Sources */,
				B2C3B59B2CA16C5A00D9C552 /* DiscoverFilter.swift in Sources */,
				B2C3B5942CA16C5A00D9C552 /* Video.swift in Sources */,
				B2C3B59E2CA16C5A00D9C552 /* MovieUserMeta.swift in Sources */,
				B2E571062CA1639C00185CB2 /* SwiftMovieAppApp.swift in Sources */,
				B2C3B5952CA16C5A00D9C552 /* CustomList.swift in Sources */,
				B2B496AB2CA40083009228E4 /* PeopleListView.swift in Sources */,
				B2C3B5932CA16C5A00D9C552 /* Review.swift in Sources */,
				B2C3B5A42CA16FF500D9C552 /* MoviesHomeViewModel.swift in Sources */,
				B2C3B5982CA16C5A00D9C552 /* PaginatedResponse.swift in Sources */,
				B2C3B5A12CA16CF800D9C552 /* MoviesMenu.swift in Sources */,
				B2B496B12CA40389009228E4 /* MovieDetailBasicInfoHeaderView.swift in Sources */,
				B2B496B52CA4047F009228E4 /* MovieDetailOverviewView.swift in Sources */,
				B2B496A52CA3FB38009228E4 /* MoviePosterView.swift in Sources */,
				B2B4969B2CA3B61B009228E4 /* MovieDetailViewModel.swift in Sources */,
				B2B496952CA2AE32009228E4 /* PosterStyle.swift in Sources */,
				B2B496A72CA3FE35009228E4 /* NavigationPath.swift in Sources */,
				B2C3B5972CA16C5A00D9C552 /* Genre.swift in Sources */,
				B2B4969D2CA3E481009228E4 /* MovieReviewsView.swift in Sources */,
				B2B496A92CA3FF8E009228E4 /* PeoplesListCardView.swift in Sources */,
				B2B496AD2CA401DC009228E4 /* PeopleDetailView.swift in Sources */,
				B2B496AF2CA40308009228E4 /* KeywordsCardView.swift in Sources */,
				B2B496992CA3A1EB009228E4 /* Movie+Ex.swift in Sources */,
			);
			runOnlyForDeploymentPostprocessing = 0;
		};
		B2E5710E2CA1639E00185CB2 /* Sources */ = {
			isa = PBXSourcesBuildPhase;
			buildActionMask = 2147483647;
			files = (
				B2E571172CA1639E00185CB2 /* SwiftMovieAppTests.swift in Sources */,
			);
			runOnlyForDeploymentPostprocessing = 0;
		};
		B2E571182CA1639E00185CB2 /* Sources */ = {
			isa = PBXSourcesBuildPhase;
			buildActionMask = 2147483647;
			files = (
				B2E571212CA1639E00185CB2 /* SwiftMovieAppUITests.swift in Sources */,
				B2E571232CA1639E00185CB2 /* SwiftMovieAppUITestsLaunchTests.swift in Sources */,
			);
			runOnlyForDeploymentPostprocessing = 0;
		};
/* End PBXSourcesBuildPhase section */

/* Begin PBXTargetDependency section */
		B2E571142CA1639E00185CB2 /* PBXTargetDependency */ = {
			isa = PBXTargetDependency;
			target = B2E571012CA1639C00185CB2 /* SwiftMovieApp */;
			targetProxy = B2E571132CA1639E00185CB2 /* PBXContainerItemProxy */;
		};
		B2E5711E2CA1639E00185CB2 /* PBXTargetDependency */ = {
			isa = PBXTargetDependency;
			target = B2E571012CA1639C00185CB2 /* SwiftMovieApp */;
			targetProxy = B2E5711D2CA1639E00185CB2 /* PBXContainerItemProxy */;
		};
/* End PBXTargetDependency section */

/* Begin XCBuildConfiguration section */
		B2E571242CA1639E00185CB2 /* Debug */ = {
			isa = XCBuildConfiguration;
			buildSettings = {
				ALWAYS_SEARCH_USER_PATHS = NO;
				ASSETCATALOG_COMPILER_GENERATE_SWIFT_ASSET_SYMBOL_EXTENSIONS = YES;
				CLANG_ANALYZER_NONNULL = YES;
				CLANG_ANALYZER_NUMBER_OBJECT_CONVERSION = YES_AGGRESSIVE;
				CLANG_CXX_LANGUAGE_STANDARD = "gnu++20";
				CLANG_ENABLE_MODULES = YES;
				CLANG_ENABLE_OBJC_ARC = YES;
				CLANG_ENABLE_OBJC_WEAK = YES;
				CLANG_WARN_BLOCK_CAPTURE_AUTORELEASING = YES;
				CLANG_WARN_BOOL_CONVERSION = YES;
				CLANG_WARN_COMMA = YES;
				CLANG_WARN_CONSTANT_CONVERSION = YES;
				CLANG_WARN_DEPRECATED_OBJC_IMPLEMENTATIONS = YES;
				CLANG_WARN_DIRECT_OBJC_ISA_USAGE = YES_ERROR;
				CLANG_WARN_DOCUMENTATION_COMMENTS = YES;
				CLANG_WARN_EMPTY_BODY = YES;
				CLANG_WARN_ENUM_CONVERSION = YES;
				CLANG_WARN_INFINITE_RECURSION = YES;
				CLANG_WARN_INT_CONVERSION = YES;
				CLANG_WARN_NON_LITERAL_NULL_CONVERSION = YES;
				CLANG_WARN_OBJC_IMPLICIT_RETAIN_SELF = YES;
				CLANG_WARN_OBJC_LITERAL_CONVERSION = YES;
				CLANG_WARN_OBJC_ROOT_CLASS = YES_ERROR;
				CLANG_WARN_QUOTED_INCLUDE_IN_FRAMEWORK_HEADER = YES;
				CLANG_WARN_RANGE_LOOP_ANALYSIS = YES;
				CLANG_WARN_STRICT_PROTOTYPES = YES;
				CLANG_WARN_SUSPICIOUS_MOVE = YES;
				CLANG_WARN_UNGUARDED_AVAILABILITY = YES_AGGRESSIVE;
				CLANG_WARN_UNREACHABLE_CODE = YES;
				CLANG_WARN__DUPLICATE_METHOD_MATCH = YES;
				COPY_PHASE_STRIP = NO;
				DEBUG_INFORMATION_FORMAT = dwarf;
				ENABLE_STRICT_OBJC_MSGSEND = YES;
				ENABLE_TESTABILITY = YES;
				ENABLE_USER_SCRIPT_SANDBOXING = YES;
				GCC_C_LANGUAGE_STANDARD = gnu17;
				GCC_DYNAMIC_NO_PIC = NO;
				GCC_NO_COMMON_BLOCKS = YES;
				GCC_OPTIMIZATION_LEVEL = 0;
				GCC_PREPROCESSOR_DEFINITIONS = (
					"DEBUG=1",
					"$(inherited)",
				);
				GCC_WARN_64_TO_32_BIT_CONVERSION = YES;
				GCC_WARN_ABOUT_RETURN_TYPE = YES_ERROR;
				GCC_WARN_UNDECLARED_SELECTOR = YES;
				GCC_WARN_UNINITIALIZED_AUTOS = YES_AGGRESSIVE;
				GCC_WARN_UNUSED_FUNCTION = YES;
				GCC_WARN_UNUSED_VARIABLE = YES;
				IPHONEOS_DEPLOYMENT_TARGET = 17.0;
				LOCALIZATION_PREFERS_STRING_CATALOGS = YES;
				MTL_ENABLE_DEBUG_INFO = INCLUDE_SOURCE;
				MTL_FAST_MATH = YES;
				ONLY_ACTIVE_ARCH = YES;
				SDKROOT = iphoneos;
				SWIFT_ACTIVE_COMPILATION_CONDITIONS = "DEBUG $(inherited)";
				SWIFT_OPTIMIZATION_LEVEL = "-Onone";
			};
			name = Debug;
		};
		B2E571252CA1639E00185CB2 /* Release */ = {
			isa = XCBuildConfiguration;
			buildSettings = {
				ALWAYS_SEARCH_USER_PATHS = NO;
				ASSETCATALOG_COMPILER_GENERATE_SWIFT_ASSET_SYMBOL_EXTENSIONS = YES;
				CLANG_ANALYZER_NONNULL = YES;
				CLANG_ANALYZER_NUMBER_OBJECT_CONVERSION = YES_AGGRESSIVE;
				CLANG_CXX_LANGUAGE_STANDARD = "gnu++20";
				CLANG_ENABLE_MODULES = YES;
				CLANG_ENABLE_OBJC_ARC = YES;
				CLANG_ENABLE_OBJC_WEAK = YES;
				CLANG_WARN_BLOCK_CAPTURE_AUTORELEASING = YES;
				CLANG_WARN_BOOL_CONVERSION = YES;
				CLANG_WARN_COMMA = YES;
				CLANG_WARN_CONSTANT_CONVERSION = YES;
				CLANG_WARN_DEPRECATED_OBJC_IMPLEMENTATIONS = YES;
				CLANG_WARN_DIRECT_OBJC_ISA_USAGE = YES_ERROR;
				CLANG_WARN_DOCUMENTATION_COMMENTS = YES;
				CLANG_WARN_EMPTY_BODY = YES;
				CLANG_WARN_ENUM_CONVERSION = YES;
				CLANG_WARN_INFINITE_RECURSION = YES;
				CLANG_WARN_INT_CONVERSION = YES;
				CLANG_WARN_NON_LITERAL_NULL_CONVERSION = YES;
				CLANG_WARN_OBJC_IMPLICIT_RETAIN_SELF = YES;
				CLANG_WARN_OBJC_LITERAL_CONVERSION = YES;
				CLANG_WARN_OBJC_ROOT_CLASS = YES_ERROR;
				CLANG_WARN_QUOTED_INCLUDE_IN_FRAMEWORK_HEADER = YES;
				CLANG_WARN_RANGE_LOOP_ANALYSIS = YES;
				CLANG_WARN_STRICT_PROTOTYPES = YES;
				CLANG_WARN_SUSPICIOUS_MOVE = YES;
				CLANG_WARN_UNGUARDED_AVAILABILITY = YES_AGGRESSIVE;
				CLANG_WARN_UNREACHABLE_CODE = YES;
				CLANG_WARN__DUPLICATE_METHOD_MATCH = YES;
				COPY_PHASE_STRIP = NO;
				DEBUG_INFORMATION_FORMAT = "dwarf-with-dsym";
				ENABLE_NS_ASSERTIONS = NO;
				ENABLE_STRICT_OBJC_MSGSEND = YES;
				ENABLE_USER_SCRIPT_SANDBOXING = YES;
				GCC_C_LANGUAGE_STANDARD = gnu17;
				GCC_NO_COMMON_BLOCKS = YES;
				GCC_WARN_64_TO_32_BIT_CONVERSION = YES;
				GCC_WARN_ABOUT_RETURN_TYPE = YES_ERROR;
				GCC_WARN_UNDECLARED_SELECTOR = YES;
				GCC_WARN_UNINITIALIZED_AUTOS = YES_AGGRESSIVE;
				GCC_WARN_UNUSED_FUNCTION = YES;
				GCC_WARN_UNUSED_VARIABLE = YES;
				IPHONEOS_DEPLOYMENT_TARGET = 17.0;
				LOCALIZATION_PREFERS_STRING_CATALOGS = YES;
				MTL_ENABLE_DEBUG_INFO = NO;
				MTL_FAST_MATH = YES;
				SDKROOT = iphoneos;
				SWIFT_COMPILATION_MODE = wholemodule;
				VALIDATE_PRODUCT = YES;
			};
			name = Release;
		};
		B2E571272CA1639E00185CB2 /* Debug */ = {
			isa = XCBuildConfiguration;
			buildSettings = {
				ASSETCATALOG_COMPILER_APPICON_NAME = AppIcon;
				ASSETCATALOG_COMPILER_GLOBAL_ACCENT_COLOR_NAME = AccentColor;
				CODE_SIGN_STYLE = Automatic;
				CURRENT_PROJECT_VERSION = 1;
				DEVELOPMENT_ASSET_PATHS = "\"SwiftMovieApp/Preview Content\"";
				DEVELOPMENT_TEAM = UNR72UUVF4;
				ENABLE_PREVIEWS = YES;
				GENERATE_INFOPLIST_FILE = YES;
				INFOPLIST_KEY_UIApplicationSceneManifest_Generation = YES;
				INFOPLIST_KEY_UIApplicationSupportsIndirectInputEvents = YES;
				INFOPLIST_KEY_UILaunchScreen_Generation = YES;
				INFOPLIST_KEY_UISupportedInterfaceOrientations_iPad = "UIInterfaceOrientationPortrait UIInterfaceOrientationPortraitUpsideDown UIInterfaceOrientationLandscapeLeft UIInterfaceOrientationLandscapeRight";
				INFOPLIST_KEY_UISupportedInterfaceOrientations_iPhone = "UIInterfaceOrientationPortrait UIInterfaceOrientationLandscapeLeft UIInterfaceOrientationLandscapeRight";
				LD_RUNPATH_SEARCH_PATHS = (
					"$(inherited)",
					"@executable_path/Frameworks",
				);
				MARKETING_VERSION = 1.0;
				PRODUCT_BUNDLE_IDENTIFIER = com.Jason.SwiftMovieApp;
				PRODUCT_NAME = "$(TARGET_NAME)";
				SWIFT_EMIT_LOC_STRINGS = YES;
				SWIFT_VERSION = 5.0;
				TARGETED_DEVICE_FAMILY = "1,2";
			};
			name = Debug;
		};
		B2E571282CA1639E00185CB2 /* Release */ = {
			isa = XCBuildConfiguration;
			buildSettings = {
				ASSETCATALOG_COMPILER_APPICON_NAME = AppIcon;
				ASSETCATALOG_COMPILER_GLOBAL_ACCENT_COLOR_NAME = AccentColor;
				CODE_SIGN_STYLE = Automatic;
				CURRENT_PROJECT_VERSION = 1;
				DEVELOPMENT_ASSET_PATHS = "\"SwiftMovieApp/Preview Content\"";
				DEVELOPMENT_TEAM = UNR72UUVF4;
				ENABLE_PREVIEWS = YES;
				GENERATE_INFOPLIST_FILE = YES;
				INFOPLIST_KEY_UIApplicationSceneManifest_Generation = YES;
				INFOPLIST_KEY_UIApplicationSupportsIndirectInputEvents = YES;
				INFOPLIST_KEY_UILaunchScreen_Generation = YES;
				INFOPLIST_KEY_UISupportedInterfaceOrientations_iPad = "UIInterfaceOrientationPortrait UIInterfaceOrientationPortraitUpsideDown UIInterfaceOrientationLandscapeLeft UIInterfaceOrientationLandscapeRight";
				INFOPLIST_KEY_UISupportedInterfaceOrientations_iPhone = "UIInterfaceOrientationPortrait UIInterfaceOrientationLandscapeLeft UIInterfaceOrientationLandscapeRight";
				LD_RUNPATH_SEARCH_PATHS = (
					"$(inherited)",
					"@executable_path/Frameworks",
				);
				MARKETING_VERSION = 1.0;
				PRODUCT_BUNDLE_IDENTIFIER = com.Jason.SwiftMovieApp;
				PRODUCT_NAME = "$(TARGET_NAME)";
				SWIFT_EMIT_LOC_STRINGS = YES;
				SWIFT_VERSION = 5.0;
				TARGETED_DEVICE_FAMILY = "1,2";
			};
			name = Release;
		};
		B2E5712A2CA1639E00185CB2 /* Debug */ = {
			isa = XCBuildConfiguration;
			buildSettings = {
				ALWAYS_EMBED_SWIFT_STANDARD_LIBRARIES = YES;
				BUNDLE_LOADER = "$(TEST_HOST)";
				CODE_SIGN_STYLE = Automatic;
				CURRENT_PROJECT_VERSION = 1;
				DEVELOPMENT_TEAM = UNR72UUVF4;
				GENERATE_INFOPLIST_FILE = YES;
				IPHONEOS_DEPLOYMENT_TARGET = 17.0;
				MARKETING_VERSION = 1.0;
				PRODUCT_BUNDLE_IDENTIFIER = com.Jason.SwiftMovieAppTests;
				PRODUCT_NAME = "$(TARGET_NAME)";
				SWIFT_EMIT_LOC_STRINGS = NO;
				SWIFT_VERSION = 5.0;
				TARGETED_DEVICE_FAMILY = "1,2";
				TEST_HOST = "$(BUILT_PRODUCTS_DIR)/SwiftMovieApp.app/$(BUNDLE_EXECUTABLE_FOLDER_PATH)/SwiftMovieApp";
			};
			name = Debug;
		};
		B2E5712B2CA1639E00185CB2 /* Release */ = {
			isa = XCBuildConfiguration;
			buildSettings = {
				ALWAYS_EMBED_SWIFT_STANDARD_LIBRARIES = YES;
				BUNDLE_LOADER = "$(TEST_HOST)";
				CODE_SIGN_STYLE = Automatic;
				CURRENT_PROJECT_VERSION = 1;
				DEVELOPMENT_TEAM = UNR72UUVF4;
				GENERATE_INFOPLIST_FILE = YES;
				IPHONEOS_DEPLOYMENT_TARGET = 17.0;
				MARKETING_VERSION = 1.0;
				PRODUCT_BUNDLE_IDENTIFIER = com.Jason.SwiftMovieAppTests;
				PRODUCT_NAME = "$(TARGET_NAME)";
				SWIFT_EMIT_LOC_STRINGS = NO;
				SWIFT_VERSION = 5.0;
				TARGETED_DEVICE_FAMILY = "1,2";
				TEST_HOST = "$(BUILT_PRODUCTS_DIR)/SwiftMovieApp.app/$(BUNDLE_EXECUTABLE_FOLDER_PATH)/SwiftMovieApp";
			};
			name = Release;
		};
		B2E5712D2CA1639E00185CB2 /* Debug */ = {
			isa = XCBuildConfiguration;
			buildSettings = {
				ALWAYS_EMBED_SWIFT_STANDARD_LIBRARIES = YES;
				CODE_SIGN_STYLE = Automatic;
				CURRENT_PROJECT_VERSION = 1;
				DEVELOPMENT_TEAM = UNR72UUVF4;
				GENERATE_INFOPLIST_FILE = YES;
				MARKETING_VERSION = 1.0;
				PRODUCT_BUNDLE_IDENTIFIER = com.Jason.SwiftMovieAppUITests;
				PRODUCT_NAME = "$(TARGET_NAME)";
				SWIFT_EMIT_LOC_STRINGS = NO;
				SWIFT_VERSION = 5.0;
				TARGETED_DEVICE_FAMILY = "1,2";
				TEST_TARGET_NAME = SwiftMovieApp;
			};
			name = Debug;
		};
		B2E5712E2CA1639E00185CB2 /* Release */ = {
			isa = XCBuildConfiguration;
			buildSettings = {
				ALWAYS_EMBED_SWIFT_STANDARD_LIBRARIES = YES;
				CODE_SIGN_STYLE = Automatic;
				CURRENT_PROJECT_VERSION = 1;
				DEVELOPMENT_TEAM = UNR72UUVF4;
				GENERATE_INFOPLIST_FILE = YES;
				MARKETING_VERSION = 1.0;
				PRODUCT_BUNDLE_IDENTIFIER = com.Jason.SwiftMovieAppUITests;
				PRODUCT_NAME = "$(TARGET_NAME)";
				SWIFT_EMIT_LOC_STRINGS = NO;
				SWIFT_VERSION = 5.0;
				TARGETED_DEVICE_FAMILY = "1,2";
				TEST_TARGET_NAME = SwiftMovieApp;
			};
			name = Release;
		};
/* End XCBuildConfiguration section */

/* Begin XCConfigurationList section */
		B2E570FD2CA1639C00185CB2 /* Build configuration list for PBXProject "SwiftMovieApp" */ = {
			isa = XCConfigurationList;
			buildConfigurations = (
				B2E571242CA1639E00185CB2 /* Debug */,
				B2E571252CA1639E00185CB2 /* Release */,
			);
			defaultConfigurationIsVisible = 0;
			defaultConfigurationName = Release;
		};
		B2E571262CA1639E00185CB2 /* Build configuration list for PBXNativeTarget "SwiftMovieApp" */ = {
			isa = XCConfigurationList;
			buildConfigurations = (
				B2E571272CA1639E00185CB2 /* Debug */,
				B2E571282CA1639E00185CB2 /* Release */,
			);
			defaultConfigurationIsVisible = 0;
			defaultConfigurationName = Release;
		};
		B2E571292CA1639E00185CB2 /* Build configuration list for PBXNativeTarget "SwiftMovieAppTests" */ = {
			isa = XCConfigurationList;
			buildConfigurations = (
				B2E5712A2CA1639E00185CB2 /* Debug */,
				B2E5712B2CA1639E00185CB2 /* Release */,
			);
			defaultConfigurationIsVisible = 0;
			defaultConfigurationName = Release;
		};
		B2E5712C2CA1639E00185CB2 /* Build configuration list for PBXNativeTarget "SwiftMovieAppUITests" */ = {
			isa = XCConfigurationList;
			buildConfigurations = (
				B2E5712D2CA1639E00185CB2 /* Debug */,
				B2E5712E2CA1639E00185CB2 /* Release */,
			);
			defaultConfigurationIsVisible = 0;
			defaultConfigurationName = Release;
		};
/* End XCConfigurationList section */

/* Begin XCLocalSwiftPackageReference section */
		B2B496902CA260AB009228E4 /* XCLocalSwiftPackageReference "packages/Integration" */ = {
			isa = XCLocalSwiftPackageReference;
			relativePath = packages/Integration;
		};
/* End XCLocalSwiftPackageReference section */

/* Begin XCSwiftPackageProductDependency section */
		B2B496912CA260AB009228E4 /* Integration */ = {
			isa = XCSwiftPackageProductDependency;
			productName = Integration;
		};
/* End XCSwiftPackageProductDependency section */
	};
	rootObject = B2E570FA2CA1639C00185CB2 /* Project object */;
}
